
Microsoft Visual Studio Solution File, Format Version 12.00
# Visual Studio Version 17
VisualStudioVersion = 17.0.32014.148
MinimumVisualStudioVersion = 10.0.40219.1
Project("{FAE04EC0-301F-11D3-BF4B-00C04F79EFBC}") = "Leep Year Testing", "Leep Year Testing.csproj", "{F8DDBBD3-8C6E-4516-A90A-F8338225B218}"
EndProject
Global
	GlobalSection(SolutionConfigurationPlatforms) = preSolution
		Debug|Any CPU = Debug|Any CPU
		Release|Any CPU = Release|Any CPU
	EndGlobalSection
	GlobalSection(ProjectConfigurationPlatforms) = postSolution
		{F8DDBBD3-8C6E-4516-A90A-F8338225B218}.Debug|Any CPU.ActiveCfg = Debug|Any CPU
		{F8DDBBD3-8C6E-4516-A90A-F8338225B218}.Debug|Any CPU.Build.0 = Debug|Any CPU
		{F8DDBBD3-8C6E-4516-A90A-F8338225B218}.Release|Any CPU.ActiveCfg = Release|Any CPU
		{F8DDBBD3-8C6E-4516-A90A-F8338225B218}.Release|Any CPU.Build.0 = Release|Any CPU
	EndGlobalSection
	GlobalSection(SolutionProperties) = preSolution
		HideSolutionNode = FALSE
	EndGlobalSection
	GlobalSection(ExtensibilityGlobals) = postSolution
		SolutionGuid = {761F0012-CF90-4106-B858-E6A7B9A20CEA}
	EndGlobalSection
EndGlobal
